{
  "R": {
    "Version": "4.4.2",
    "Repositories": []
  },
  "Packages": {},
  "BioMedPilotPolicy": {
    "schema_version": "biomedpilot.renv_policy.v1",
    "environment": "r-spatial-full",
    "status": "scaffold_only_not_restored",
    "heavy_analysis_dependencies_allowed": true,
    "runtime_package_install": "forbidden",
    "resource_lock_required": true,
    "notes": "Spatial worker lock placeholder. Spatial references and package versions remain blocked until locked."
  }
}
