{
  "R": {
    "Version": "4.4.2",
    "Repositories": []
  },
  "Packages": {},
  "BioMedPilotPolicy": {
    "schema_version": "biomedpilot.renv_policy.v1",
    "environment": "r-bio-core",
    "status": "scaffold_only_not_restored",
    "heavy_analysis_dependencies_allowed": false,
    "runtime_package_install": "forbidden",
    "notes": "Lite bio worker lock placeholder. Package versions must be approved before lite execution is enabled."
  }
}
